// !$*UTF8*$!
{
	archiveVersion = 1;
	classes = {
	};
	objectVersion = 50;
	objects = {

/* Begin PBXBuildFile section */
		933125FD248450C900F45370 /* AppDelegate.swift in Sources */ = {isa = PBXBuildFile; fileRef = 933125FC248450C900F45370 /* AppDelegate.swift */; };
		933125FF248450C900F45370 /* SceneDelegate.swift in Sources */ = {isa = PBXBuildFile; fileRef = 933125FE248450C900F45370 /* SceneDelegate.swift */; };
		93312601248450C900F45370 /* ViewController.swift in Sources */ = {isa = PBXBuildFile; fileRef = 93312600248450C900F45370 /* ViewController.swift */; };
		93312606248450CC00F45370 /* Assets.xcassets in Resources */ = {isa = PBXBuildFile; fileRef = 93312605248450CC00F45370 /* Assets.xcassets */; };
		93312609248450CC00F45370 /* LaunchScreen.storyboard in Resources */ = {isa = PBXBuildFile; fileRef = 93312607248450CC00F45370 /* LaunchScreen.storyboard */; };
		933126112484BD3A00F45370 /* Main.storyboard in Resources */ = {isa = PBXBuildFile; fileRef = 933126102484BD3A00F45370 /* Main.storyboard */; };
		9331261824859EBC00F45370 /* Constants.swift in Sources */ = {isa = PBXBuildFile; fileRef = 9331261724859EBC00F45370 /* Constants.swift */; };
		935CC15624945F6A00CF1E06 /* LICENSE in Resources */ = {isa = PBXBuildFile; fileRef = 935CC15524945F6A00CF1E06 /* LICENSE */; };
		935CC15824945F6E00CF1E06 /* README.md in Resources */ = {isa = PBXBuildFile; fileRef = 935CC15724945F6E00CF1E06 /* README.md */; };
		9395DD0E2494656E00504BA2 /* TwitterShots.png in Resources */ = {isa = PBXBuildFile; fileRef = 9395DD0D2494656E00504BA2 /* TwitterShots.png */; };
		9395DD1A2495876000504BA2 /* TwitterNews.gif in Resources */ = {isa = PBXBuildFile; fileRef = 9395DD192495876000504BA2 /* TwitterNews.gif */; };
/* End PBXBuildFile section */

/* Begin PBXFileReference section */
		933125F9248450C900F45370 /* TwitterNews.app */ = {isa = PBXFileReference; explicitFileType = wrapper.application; includeInIndex = 0; path = TwitterNews.app; sourceTree = BUILT_PRODUCTS_DIR; };
		933125FC248450C900F45370 /* AppDelegate.swift */ = {isa = PBXFileReference; lastKnownFileType = sourcecode.swift; path = AppDelegate.swift; sourceTree = "<group>"; };
		933125FE248450C900F45370 /* SceneDelegate.swift */ = {isa = PBXFileReference; lastKnownFileType = sourcecode.swift; path = SceneDelegate.swift; sourceTree = "<group>"; };
		93312600248450C900F45370 /* ViewController.swift */ = {isa = PBXFileReference; lastKnownFileType = sourcecode.swift; path = ViewController.swift; sourceTree = "<group>"; };
		93312605248450CC00F45370 /* Assets.xcassets */ = {isa = PBXFileReference; lastKnownFileType = folder.assetcatalog; path = Assets.xcassets; sourceTree = "<group>"; };
		93312608248450CC00F45370 /* Base */ = {isa = PBXFileReference; lastKnownFileType = file.storyboard; name = Base; path = Base.lproj/LaunchScreen.storyboard; sourceTree = "<group>"; };
		9331260A248450CC00F45370 /* Info.plist */ = {isa = PBXFileReference; lastKnownFileType = text.plist.xml; path = Info.plist; sourceTree = "<group>"; };
		933126102484BD3A00F45370 /* Main.storyboard */ = {isa = PBXFileReference; lastKnownFileType = file.storyboard; path = Main.storyboard; sourceTree = "<group>"; };
		9331261724859EBC00F45370 /* Constants.swift */ = {isa = PBXFileReference; lastKnownFileType = sourcecode.swift; path = Constants.swift; sourceTree = "<group>"; };
		935CC15524945F6A00CF1E06 /* LICENSE */ = {isa = PBXFileReference; fileEncoding = 4; lastKnownFileType = text; path = LICENSE; sourceTree = "<group>"; };
		935CC15724945F6E00CF1E06 /* README.md */ = {isa = PBXFileReference; fileEncoding = 4; lastKnownFileType = net.daringfireball.markdown; path = README.md; sourceTree = "<group>"; };
		9395DD0D2494656E00504BA2 /* TwitterShots.png */ = {isa = PBXFileReference; lastKnownFileType = image.png; path = TwitterShots.png; sourceTree = "<group>"; };
		9395DD192495876000504BA2 /* TwitterNews.gif */ = {isa = PBXFileReference; lastKnownFileType = image.gif; path = TwitterNews.gif; sourceTree = "<group>"; };
/* End PBXFileReference section */

/* Begin PBXFrameworksBuildPhase section */
		933125F6248450C900F45370 /* Frameworks */ = {
			isa = PBXFrameworksBuildPhase;
			buildActionMask = 2147483647;
			files = (
			);
			runOnlyForDeploymentPostprocessing = 0;
		};
/* End PBXFrameworksBuildPhase section */

/* Begin PBXGroup section */
		933125F0248450C900F45370 = {
			isa = PBXGroup;
			children = (
				935CC15524945F6A00CF1E06 /* LICENSE */,
				935CC15724945F6E00CF1E06 /* README.md */,
				935CC15424945F5200CF1E06 /* GitHub-Images */,
				933125FB248450C900F45370 /* TwitterNews */,
				933125FA248450C900F45370 /* Products */,
			);
			sourceTree = "<group>";
		};
		933125FA248450C900F45370 /* Products */ = {
			isa = PBXGroup;
			children = (
				933125F9248450C900F45370 /* TwitterNews.app */,
			);
			name = Products;
			sourceTree = "<group>";
		};
		933125FB248450C900F45370 /* TwitterNews */ = {
			isa = PBXGroup;
			children = (
				9331261624859EAE00F45370 /* Data */,
				933126122484D59400F45370 /* Root */,
				933126132484D59C00F45370 /* Controllers */,
				933126152484D5A900F45370 /* Assets */,
				933126142484D5A200F45370 /* Storyboards */,
			);
			path = TwitterNews;
			sourceTree = "<group>";
		};
		933126122484D59400F45370 /* Root */ = {
			isa = PBXGroup;
			children = (
				9331260A248450CC00F45370 /* Info.plist */,
				933125FC248450C900F45370 /* AppDelegate.swift */,
				933125FE248450C900F45370 /* SceneDelegate.swift */,
			);
			path = Root;
			sourceTree = "<group>";
		};
		933126132484D59C00F45370 /* Controllers */ = {
			isa = PBXGroup;
			children = (
				93312600248450C900F45370 /* ViewController.swift */,
			);
			path = Controllers;
			sourceTree = "<group>";
		};
		933126142484D5A200F45370 /* Storyboards */ = {
			isa = PBXGroup;
			children = (
				93312607248450CC00F45370 /* LaunchScreen.storyboard */,
				933126102484BD3A00F45370 /* Main.storyboard */,
			);
			path = Storyboards;
			sourceTree = "<group>";
		};
		933126152484D5A900F45370 /* Assets */ = {
			isa = PBXGroup;
			children = (
				93312605248450CC00F45370 /* Assets.xcassets */,
			);
			path = Assets;
			sourceTree = "<group>";
		};
		9331261624859EAE00F45370 /* Data */ = {
			isa = PBXGroup;
			children = (
				9331261724859EBC00F45370 /* Constants.swift */,
			);
			path = Data;
			sourceTree = "<group>";
		};
		935CC15424945F5200CF1E06 /* GitHub-Images */ = {
			isa = PBXGroup;
			children = (
				9395DD192495876000504BA2 /* TwitterNews.gif */,
				9395DD0D2494656E00504BA2 /* TwitterShots.png */,
			);
			path = "GitHub-Images";
			sourceTree = "<group>";
		};
/* End PBXGroup section */

/* Begin PBXNativeTarget section */
		933125F8248450C900F45370 /* TwitterNews */ = {
			isa = PBXNativeTarget;
			buildConfigurationList = 9331260D248450CC00F45370 /* Build configuration list for PBXNativeTarget "TwitterNews" */;
			buildPhases = (
				933125F5248450C900F45370 /* Sources */,
				933125F6248450C900F45370 /* Frameworks */,
				933125F7248450C900F45370 /* Resources */,
			);
			buildRules = (
			);
			dependencies = (
			);
			name = TwitterNews;
			productName = AnimatedLaunch;
			productReference = 933125F9248450C900F45370 /* TwitterNews.app */;
			productType = "com.apple.product-type.application";
		};
/* End PBXNativeTarget section */

/* Begin PBXProject section */
		933125F1248450C900F45370 /* Project object */ = {
			isa = PBXProject;
			attributes = {
				LastSwiftUpdateCheck = 1150;
				LastUpgradeCheck = 1150;
				ORGANIZATIONNAME = "Marcy Vernon";
				TargetAttributes = {
					933125F8248450C900F45370 = {
						CreatedOnToolsVersion = 11.5;
					};
				};
			};
			buildConfigurationList = 933125F4248450C900F45370 /* Build configuration list for PBXProject "TwitterNews" */;
			compatibilityVersion = "Xcode 9.3";
			developmentRegion = en;
			hasScannedForEncodings = 0;
			knownRegions = (
				en,
				Base,
			);
			mainGroup = 933125F0248450C900F45370;
			productRefGroup = 933125FA248450C900F45370 /* Products */;
			projectDirPath = "";
			projectRoot = "";
			targets = (
				933125F8248450C900F45370 /* TwitterNews */,
			);
		};
/* End PBXProject section */

/* Begin PBXResourcesBuildPhase section */
		933125F7248450C900F45370 /* Resources */ = {
			isa = PBXResourcesBuildPhase;
			buildActionMask = 2147483647;
			files = (
				9395DD1A2495876000504BA2 /* TwitterNews.gif in Resources */,
				93312609248450CC00F45370 /* LaunchScreen.storyboard in Resources */,
				933126112484BD3A00F45370 /* Main.storyboard in Resources */,
				935CC15824945F6E00CF1E06 /* README.md in Resources */,
				935CC15624945F6A00CF1E06 /* LICENSE in Resources */,
				93312606248450CC00F45370 /* Assets.xcassets in Resources */,
				9395DD0E2494656E00504BA2 /* TwitterShots.png in Resources */,
			);
			runOnlyForDeploymentPostprocessing = 0;
		};
/* End PBXResourcesBuildPhase section */

/* Begin PBXSourcesBuildPhase section */
		933125F5248450C900F45370 /* Sources */ = {
			isa = PBXSourcesBuildPhase;
			buildActionMask = 2147483647;
			files = (
				93312601248450C900F45370 /* ViewController.swift in Sources */,
				933125FD248450C900F45370 /* AppDelegate.swift in Sources */,
				933125FF248450C900F45370 /* SceneDelegate.swift in Sources */,
				9331261824859EBC00F45370 /* Constants.swift in Sources */,
			);
			runOnlyForDeploymentPostprocessing = 0;
		};
/* End PBXSourcesBuildPhase section */

/* Begin PBXVariantGroup section */
		93312607248450CC00F45370 /* LaunchScreen.storyboard */ = {
			isa = PBXVariantGroup;
			children = (
				93312608248450CC00F45370 /* Base */,
			);
			name = LaunchScreen.storyboard;
			sourceTree = "<group>";
		};
/* End PBXVariantGroup section */

/* Begin XCBuildConfiguration section */
		9331260B248450CC00F45370 /* Debug */ = {
			isa = XCBuildConfiguration;
			buildSettings = {
				ALWAYS_SEARCH_USER_PATHS = NO;
				CLANG_ANALYZER_NONNULL = YES;
				CLANG_ANALYZER_NUMBER_OBJECT_CONVERSION = YES_AGGRESSIVE;
				CLANG_CXX_LANGUAGE_STANDARD = "gnu++14";
				CLANG_CXX_LIBRARY = "libc++";
				CLANG_ENABLE_MODULES = YES;
				CLANG_ENABLE_OBJC_ARC = YES;
				CLANG_ENABLE_OBJC_WEAK = YES;
				CLANG_WARN_BLOCK_CAPTURE_AUTORELEASING = YES;
				CLANG_WARN_BOOL_CONVERSION = YES;
				CLANG_WARN_COMMA = YES;
				CLANG_WARN_CONSTANT_CONVERSION = YES;
				CLANG_WARN_DEPRECATED_OBJC_IMPLEMENTATIONS = YES;
				CLANG_WARN_DIRECT_OBJC_ISA_USAGE = YES_ERROR;
				CLANG_WARN_DOCUMENTATION_COMMENTS = YES;
				CLANG_WARN_EMPTY_BODY = YES;
				CLANG_WARN_ENUM_CONVERSION = YES;
				CLANG_WARN_INFINITE_RECURSION = YES;
				CLANG_WARN_INT_CONVERSION = YES;
				CLANG_WARN_NON_LITERAL_NULL_CONVERSION = YES;
				CLANG_WARN_OBJC_IMPLICIT_RETAIN_SELF = YES;
				CLANG_WARN_OBJC_LITERAL_CONVERSION = YES;
				CLANG_WARN_OBJC_ROOT_CLASS = YES_ERROR;
				CLANG_WARN_RANGE_LOOP_ANALYSIS = YES;
				CLANG_WARN_STRICT_PROTOTYPES = YES;
				CLANG_WARN_SUSPICIOUS_MOVE = YES;
				CLANG_WARN_UNGUARDED_AVAILABILITY = YES_AGGRESSIVE;
				CLANG_WARN_UNREACHABLE_CODE = YES;
				CLANG_WARN__DUPLICATE_METHOD_MATCH = YES;
				COPY_PHASE_STRIP = NO;
				DEBUG_INFORMATION_FORMAT = dwarf;
				ENABLE_STRICT_OBJC_MSGSEND = YES;
				ENABLE_TESTABILITY = YES;
				GCC_C_LANGUAGE_STANDARD = gnu11;
				GCC_DYNAMIC_NO_PIC = NO;
				GCC_NO_COMMON_BLOCKS = YES;
				GCC_OPTIMIZATION_LEVEL = 0;
				GCC_PREPROCESSOR_DEFINITIONS = (
					"DEBUG=1",
					"$(inherited)",
				);
				GCC_WARN_64_TO_32_BIT_CONVERSION = YES;
				GCC_WARN_ABOUT_RETURN_TYPE = YES_ERROR;
				GCC_WARN_UNDECLARED_SELECTOR = YES;
				GCC_WARN_UNINITIALIZED_AUTOS = YES_AGGRESSIVE;
				GCC_WARN_UNUSED_FUNCTION = YES;
				GCC_WARN_UNUSED_VARIABLE = YES;
				IPHONEOS_DEPLOYMENT_TARGET = 13.5;
				MTL_ENABLE_DEBUG_INFO = INCLUDE_SOURCE;
				MTL_FAST_MATH = YES;
				ONLY_ACTIVE_ARCH = YES;
				SDKROOT = iphoneos;
				SWIFT_ACTIVE_COMPILATION_CONDITIONS = DEBUG;
				SWIFT_OPTIMIZATION_LEVEL = "-Onone";
			};
			name = Debug;
		};
		9331260C248450CC00F45370 /* Release */ = {
			isa = XCBuildConfiguration;
			buildSettings = {
				ALWAYS_SEARCH_USER_PATHS = NO;
				CLANG_ANALYZER_NONNULL = YES;
				CLANG_ANALYZER_NUMBER_OBJECT_CONVERSION = YES_AGGRESSIVE;
				CLANG_CXX_LANGUAGE_STANDARD = "gnu++14";
				CLANG_CXX_LIBRARY = "libc++";
				CLANG_ENABLE_MODULES = YES;
				CLANG_ENABLE_OBJC_ARC = YES;
				CLANG_ENABLE_OBJC_WEAK = YES;
				CLANG_WARN_BLOCK_CAPTURE_AUTORELEASING = YES;
				CLANG_WARN_BOOL_CONVERSION = YES;
				CLANG_WARN_COMMA = YES;
				CLANG_WARN_CONSTANT_CONVERSION = YES;
				CLANG_WARN_DEPRECATED_OBJC_IMPLEMENTATIONS = YES;
				CLANG_WARN_DIRECT_OBJC_ISA_USAGE = YES_ERROR;
				CLANG_WARN_DOCUMENTATION_COMMENTS = YES;
				CLANG_WARN_EMPTY_BODY = YES;
				CLANG_WARN_ENUM_CONVERSION = YES;
				CLANG_WARN_INFINITE_RECURSION = YES;
				CLANG_WARN_INT_CONVERSION = YES;
				CLANG_WARN_NON_LITERAL_NULL_CONVERSION = YES;
				CLANG_WARN_OBJC_IMPLICIT_RETAIN_SELF = YES;
				CLANG_WARN_OBJC_LITERAL_CONVERSION = YES;
				CLANG_WARN_OBJC_ROOT_CLASS = YES_ERROR;
				CLANG_WARN_RANGE_LOOP_ANALYSIS = YES;
				CLANG_WARN_STRICT_PROTOTYPES = YES;
				CLANG_WARN_SUSPICIOUS_MOVE = YES;
				CLANG_WARN_UNGUARDED_AVAILABILITY = YES_AGGRESSIVE;
				CLANG_WARN_UNREACHABLE_CODE = YES;
				CLANG_WARN__DUPLICATE_METHOD_MATCH = YES;
				COPY_PHASE_STRIP = NO;
				DEBUG_INFORMATION_FORMAT = "dwarf-with-dsym";
				ENABLE_NS_ASSERTIONS = NO;
				ENABLE_STRICT_OBJC_MSGSEND = YES;
				GCC_C_LANGUAGE_STANDARD = gnu11;
				GCC_NO_COMMON_BLOCKS = YES;
				GCC_WARN_64_TO_32_BIT_CONVERSION = YES;
				GCC_WARN_ABOUT_RETURN_TYPE = YES_ERROR;
				GCC_WARN_UNDECLARED_SELECTOR = YES;
				GCC_WARN_UNINITIALIZED_AUTOS = YES_AGGRESSIVE;
				GCC_WARN_UNUSED_FUNCTION = YES;
				GCC_WARN_UNUSED_VARIABLE = YES;
				IPHONEOS_DEPLOYMENT_TARGET = 13.5;
				MTL_ENABLE_DEBUG_INFO = NO;
				MTL_FAST_MATH = YES;
				SDKROOT = iphoneos;
				SWIFT_COMPILATION_MODE = wholemodule;
				SWIFT_OPTIMIZATION_LEVEL = "-O";
				VALIDATE_PRODUCT = YES;
			};
			name = Release;
		};
		9331260E248450CC00F45370 /* Debug */ = {
			isa = XCBuildConfiguration;
			buildSettings = {
				ASSETCATALOG_COMPILER_APPICON_NAME = AppIcon;
				CODE_SIGN_STYLE = Automatic;
				DEVELOPMENT_TEAM = T97DA5EFXT;
				INFOPLIST_FILE = TwitterNews/Root/Info.plist;
				LD_RUNPATH_SEARCH_PATHS = (
					"$(inherited)",
					"@executable_path/Frameworks",
				);
				PRODUCT_BUNDLE_IDENTIFIER = com.MarcyVernon.TwitterNews;
				PRODUCT_NAME = "$(TARGET_NAME)";
				SWIFT_VERSION = 5.0;
				TARGETED_DEVICE_FAMILY = "1,2";
			};
			name = Debug;
		};
		9331260F248450CC00F45370 /* Release */ = {
			isa = XCBuildConfiguration;
			buildSettings = {
				ASSETCATALOG_COMPILER_APPICON_NAME = AppIcon;
				CODE_SIGN_STYLE = Automatic;
				DEVELOPMENT_TEAM = T97DA5EFXT;
				INFOPLIST_FILE = TwitterNews/Root/Info.plist;
				LD_RUNPATH_SEARCH_PATHS = (
					"$(inherited)",
					"@executable_path/Frameworks",
				);
				PRODUCT_BUNDLE_IDENTIFIER = com.MarcyVernon.TwitterNews;
				PRODUCT_NAME = "$(TARGET_NAME)";
				SWIFT_VERSION = 5.0;
				TARGETED_DEVICE_FAMILY = "1,2";
			};
			name = Release;
		};
/* End XCBuildConfiguration section */

/* Begin XCConfigurationList section */
		933125F4248450C900F45370 /* Build configuration list for PBXProject "TwitterNews" */ = {
			isa = XCConfigurationList;
			buildConfigurations = (
				9331260B248450CC00F45370 /* Debug */,
				9331260C248450CC00F45370 /* Release */,
			);
			defaultConfigurationIsVisible = 0;
			defaultConfigurationName = Release;
		};
		9331260D248450CC00F45370 /* Build configuration list for PBXNativeTarget "TwitterNews" */ = {
			isa = XCConfigurationList;
			buildConfigurations = (
				9331260E248450CC00F45370 /* Debug */,
				9331260F248450CC00F45370 /* Release */,
			);
			defaultConfigurationIsVisible = 0;
			defaultConfigurationName = Release;
		};
/* End XCConfigurationList section */
	};
	rootObject = 933125F1248450C900F45370 /* Project object */;
}
